// !$*UTF8*$!
{
	archiveVersion = 1;
	classes = {
	};
	objectVersion = 56;
	objects = {

/* Begin PBXBuildFile section */
		79F7FBE62DA531EA001539E0 /* LoginView.swift in Sources */ = {isa = PBXBuildFile; fileRef = 79F7FBE52DA531EA001539E0 /* LoginView.swift */; };
		79F7FBE82DA5320F001539E0 /* TripListView.swift in Sources */ = {isa = PBXBuildFile; fileRef = 79F7FBE72DA5320F001539E0 /* TripListView.swift */; };
		79F7FBEA2DA5326A001539E0 /* TripDetailView.swift in Sources */ = {isa = PBXBuildFile; fileRef = 79F7FBE92DA5326A001539E0 /* TripDetailView.swift */; };
		79F7FBEC2DA53288001539E0 /* EditTripView.swift in Sources */ = {isa = PBXBuildFile; fileRef = 79F7FBEB2DA53288001539E0 /* EditTripView.swift */; };
		79F7FBEE2DA532C5001539E0 /* TripStore.swift in Sources */ = {isa = PBXBuildFile; fileRef = 79F7FBED2DA532C5001539E0 /* TripStore.swift */; };
		79F7FBF02DA532E1001539E0 /* Trip.swift in Sources */ = {isa = PBXBuildFile; fileRef = 79F7FBEF2DA532E1001539E0 /* Trip.swift */; };
		79F7FBF22DA5337A001539E0 /* AddTripView.swift in Sources */ = {isa = PBXBuildFile; fileRef = 79F7FBF12DA5337A001539E0 /* AddTripView.swift */; };
		7EF8C8E72D90232D00987CF6 /* TravelPlannerApp.swift in Sources */ = {isa = PBXBuildFile; fileRef = 7EF8C8E62D90232D00987CF6 /* TravelPlannerApp.swift */; };
		7EF8C8E92D90232D00987CF6 /* ContentView.swift in Sources */ = {isa = PBXBuildFile; fileRef = 7EF8C8E82D90232D00987CF6 /* ContentView.swift */; };
		7EF8C8EB2D90232F00987CF6 /* Assets.xcassets in Resources */ = {isa = PBXBuildFile; fileRef = 7EF8C8EA2D90232F00987CF6 /* Assets.xcassets */; };
		7EF8C8EE2D90232F00987CF6 /* Preview Assets.xcassets in Resources */ = {isa = PBXBuildFile; fileRef = 7EF8C8ED2D90232F00987CF6 /* Preview Assets.xcassets */; };
		7EF8C8F82D90232F00987CF6 /* TravelPlannerTests.swift in Sources */ = {isa = PBXBuildFile; fileRef = 7EF8C8F72D90232F00987CF6 /* TravelPlannerTests.swift */; };
		7EF8C9022D90232F00987CF6 /* TravelPlannerUITests.swift in Sources */ = {isa = PBXBuildFile; fileRef = 7EF8C9012D90232F00987CF6 /* TravelPlannerUITests.swift */; };
		7EF8C9042D90232F00987CF6 /* TravelPlannerUITestsLaunchTests.swift in Sources */ = {isa = PBXBuildFile; fileRef = 7EF8C9032D90232F00987CF6 /* TravelPlannerUITestsLaunchTests.swift */; };
/* End PBXBuildFile section */

/* Begin PBXContainerItemProxy section */
		7EF8C8F42D90232F00987CF6 /* PBXContainerItemProxy */ = {
			isa = PBXContainerItemProxy;
			containerPortal = 7EF8C8DB2D90232D00987CF6 /* Project object */;
			proxyType = 1;
			remoteGlobalIDString = 7EF8C8E22D90232D00987CF6;
			remoteInfo = TravelPlanner;
		};
		7EF8C8FE2D90232F00987CF6 /* PBXContainerItemProxy */ = {
			isa = PBXContainerItemProxy;
			containerPortal = 7EF8C8DB2D90232D00987CF6 /* Project object */;
			proxyType = 1;
			remoteGlobalIDString = 7EF8C8E22D90232D00987CF6;
			remoteInfo = TravelPlanner;
		};
/* End PBXContainerItemProxy section */

/* Begin PBXFileReference section */
		79F7FBE52DA531EA001539E0 /* LoginView.swift */ = {isa = PBXFileReference; lastKnownFileType = sourcecode.swift; path = LoginView.swift; sourceTree = "<group>"; };
		79F7FBE72DA5320F001539E0 /* TripListView.swift */ = {isa = PBXFileReference; lastKnownFileType = sourcecode.swift; path = TripListView.swift; sourceTree = "<group>"; };
		79F7FBE92DA5326A001539E0 /* TripDetailView.swift */ = {isa = PBXFileReference; lastKnownFileType = sourcecode.swift; path = TripDetailView.swift; sourceTree = "<group>"; };
		79F7FBEB2DA53288001539E0 /* EditTripView.swift */ = {isa = PBXFileReference; lastKnownFileType = sourcecode.swift; path = EditTripView.swift; sourceTree = "<group>"; };
		79F7FBED2DA532C5001539E0 /* TripStore.swift */ = {isa = PBXFileReference; lastKnownFileType = sourcecode.swift; path = TripStore.swift; sourceTree = "<group>"; };
		79F7FBEF2DA532E1001539E0 /* Trip.swift */ = {isa = PBXFileReference; lastKnownFileType = sourcecode.swift; path = Trip.swift; sourceTree = "<group>"; };
		79F7FBF12DA5337A001539E0 /* AddTripView.swift */ = {isa = PBXFileReference; lastKnownFileType = sourcecode.swift; path = AddTripView.swift; sourceTree = "<group>"; };
		7EF8C8E32D90232D00987CF6 /* TravelPlanner.app */ = {isa = PBXFileReference; explicitFileType = wrapper.application; includeInIndex = 0; path = TravelPlanner.app; sourceTree = BUILT_PRODUCTS_DIR; };
		7EF8C8E62D90232D00987CF6 /* TravelPlannerApp.swift */ = {isa = PBXFileReference; lastKnownFileType = sourcecode.swift; path = TravelPlannerApp.swift; sourceTree = "<group>"; };
		7EF8C8E82D90232D00987CF6 /* ContentView.swift */ = {isa = PBXFileReference; lastKnownFileType = sourcecode.swift; path = ContentView.swift; sourceTree = "<group>"; };
		7EF8C8EA2D90232F00987CF6 /* Assets.xcassets */ = {isa = PBXFileReference; lastKnownFileType = folder.assetcatalog; path = Assets.xcassets; sourceTree = "<group>"; };
		7EF8C8ED2D90232F00987CF6 /* Preview Assets.xcassets */ = {isa = PBXFileReference; lastKnownFileType = folder.assetcatalog; path = "Preview Assets.xcassets"; sourceTree = "<group>"; };
		7EF8C8F32D90232F00987CF6 /* TravelPlannerTests.xctest */ = {isa = PBXFileReference; explicitFileType = wrapper.cfbundle; includeInIndex = 0; path = TravelPlannerTests.xctest; sourceTree = BUILT_PRODUCTS_DIR; };
		7EF8C8F72D90232F00987CF6 /* TravelPlannerTests.swift */ = {isa = PBXFileReference; lastKnownFileType = sourcecode.swift; path = TravelPlannerTests.swift; sourceTree = "<group>"; };
		7EF8C8FD2D90232F00987CF6 /* TravelPlannerUITests.xctest */ = {isa = PBXFileReference; explicitFileType = wrapper.cfbundle; includeInIndex = 0; path = TravelPlannerUITests.xctest; sourceTree = BUILT_PRODUCTS_DIR; };
		7EF8C9012D90232F00987CF6 /* TravelPlannerUITests.swift */ = {isa = PBXFileReference; lastKnownFileType = sourcecode.swift; path = TravelPlannerUITests.swift; sourceTree = "<group>"; };
		7EF8C9032D90232F00987CF6 /* TravelPlannerUITestsLaunchTests.swift */ = {isa = PBXFileReference; lastKnownFileType = sourcecode.swift; path = TravelPlannerUITestsLaunchTests.swift; sourceTree = "<group>"; };
/* End PBXFileReference section */

/* Begin PBXFrameworksBuildPhase section */
		7EF8C8E02D90232D00987CF6 /* Frameworks */ = {
			isa = PBXFrameworksBuildPhase;
			buildActionMask = 2147483647;
			files = (
			);
			runOnlyForDeploymentPostprocessing = 0;
		};
		7EF8C8F02D90232F00987CF6 /* Frameworks */ = {
			isa = PBXFrameworksBuildPhase;
			buildActionMask = 2147483647;
			files = (
			);
			runOnlyForDeploymentPostprocessing = 0;
		};
		7EF8C8FA2D90232F00987CF6 /* Frameworks */ = {
			isa = PBXFrameworksBuildPhase;
			buildActionMask = 2147483647;
			files = (
			);
			runOnlyForDeploymentPostprocessing = 0;
		};
/* End PBXFrameworksBuildPhase section */

/* Begin PBXGroup section */
		7EF8C8DA2D90232D00987CF6 = {
			isa = PBXGroup;
			children = (
				7EF8C8E52D90232D00987CF6 /* TravelPlanner */,
				7EF8C8F62D90232F00987CF6 /* TravelPlannerTests */,
				7EF8C9002D90232F00987CF6 /* TravelPlannerUITests */,
				7EF8C8E42D90232D00987CF6 /* Products */,
			);
			sourceTree = "<group>";
		};
		7EF8C8E42D90232D00987CF6 /* Products */ = {
			isa = PBXGroup;
			children = (
				7EF8C8E32D90232D00987CF6 /* TravelPlanner.app */,
				7EF8C8F32D90232F00987CF6 /* TravelPlannerTests.xctest */,
				7EF8C8FD2D90232F00987CF6 /* TravelPlannerUITests.xctest */,
			);
			name = Products;
			sourceTree = "<group>";
		};
		7EF8C8E52D90232D00987CF6 /* TravelPlanner */ = {
			isa = PBXGroup;
			children = (
				79F7FBF12DA5337A001539E0 /* AddTripView.swift */,
				7EF8C8E82D90232D00987CF6 /* ContentView.swift */,
				79F7FBEB2DA53288001539E0 /* EditTripView.swift */,
				79F7FBE52DA531EA001539E0 /* LoginView.swift */,
				7EF8C8E62D90232D00987CF6 /* TravelPlannerApp.swift */,
				79F7FBEF2DA532E1001539E0 /* Trip.swift */,
				79F7FBE92DA5326A001539E0 /* TripDetailView.swift */,
				79F7FBE72DA5320F001539E0 /* TripListView.swift */,
				79F7FBED2DA532C5001539E0 /* TripStore.swift */,
				7EF8C8EA2D90232F00987CF6 /* Assets.xcassets */,
				7EF8C8EC2D90232F00987CF6 /* Preview Content */,
			);
			path = TravelPlanner;
			sourceTree = "<group>";
		};
		7EF8C8EC2D90232F00987CF6 /* Preview Content */ = {
			isa = PBXGroup;
			children = (
				7EF8C8ED2D90232F00987CF6 /* Preview Assets.xcassets */,
			);
			path = "Preview Content";
			sourceTree = "<group>";
		};
		7EF8C8F62D90232F00987CF6 /* TravelPlannerTests */ = {
			isa = PBXGroup;
			children = (
				7EF8C8F72D90232F00987CF6 /* TravelPlannerTests.swift */,
			);
			path = TravelPlannerTests;
			sourceTree = "<group>";
		};
		7EF8C9002D90232F00987CF6 /* TravelPlannerUITests */ = {
			isa = PBXGroup;
			children = (
				7EF8C9012D90232F00987CF6 /* TravelPlannerUITests.swift */,
				7EF8C9032D90232F00987CF6 /* TravelPlannerUITestsLaunchTests.swift */,
			);
			path = TravelPlannerUITests;
			sourceTree = "<group>";
		};
/* End PBXGroup section */

/* Begin PBXNativeTarget section */
		7EF8C8E22D90232D00987CF6 /* TravelPlanner */ = {
			isa = PBXNativeTarget;
			buildConfigurationList = 7EF8C9072D90232F00987CF6 /* Build configuration list for PBXNativeTarget "TravelPlanner" */;
			buildPhases = (
				7EF8C8DF2D90232D00987CF6 /* Sources */,
				7EF8C8E02D90232D00987CF6 /* Frameworks */,
				7EF8C8E12D90232D00987CF6 /* Resources */,
			);
			buildRules = (
			);
			dependencies = (
			);
			name = TravelPlanner;
			productName = TravelPlanner;
			productReference = 7EF8C8E32D90232D00987CF6 /* TravelPlanner.app */;
			productType = "com.apple.product-type.application";
		};
		7EF8C8F22D90232F00987CF6 /* TravelPlannerTests */ = {
			isa = PBXNativeTarget;
			buildConfigurationList = 7EF8C90A2D90232F00987CF6 /* Build configuration list for PBXNativeTarget "TravelPlannerTests" */;
			buildPhases = (
				7EF8C8EF2D90232F00987CF6 /* Sources */,
				7EF8C8F02D90232F00987CF6 /* Frameworks */,
				7EF8C8F12D90232F00987CF6 /* Resources */,
			);
			buildRules = (
			);
			dependencies = (
				7EF8C8F52D90232F00987CF6 /* PBXTargetDependency */,
			);
			name = TravelPlannerTests;
			productName = TravelPlannerTests;
			productReference = 7EF8C8F32D90232F00987CF6 /* TravelPlannerTests.xctest */;
			productType = "com.apple.product-type.bundle.unit-test";
		};
		7EF8C8FC2D90232F00987CF6 /* TravelPlannerUITests */ = {
			isa = PBXNativeTarget;
			buildConfigurationList = 7EF8C90D2D90232F00987CF6 /* Build configuration list for PBXNativeTarget "TravelPlannerUITests" */;
			buildPhases = (
				7EF8C8F92D90232F00987CF6 /* Sources */,
				7EF8C8FA2D90232F00987CF6 /* Frameworks */,
				7EF8C8FB2D90232F00987CF6 /* Resources */,
			);
			buildRules = (
			);
			dependencies = (
				7EF8C8FF2D90232F00987CF6 /* PBXTargetDependency */,
			);
			name = TravelPlannerUITests;
			productName = TravelPlannerUITests;
			productReference = 7EF8C8FD2D90232F00987CF6 /* TravelPlannerUITests.xctest */;
			productType = "com.apple.product-type.bundle.ui-testing";
		};
/* End PBXNativeTarget section */

/* Begin PBXProject section */
		7EF8C8DB2D90232D00987CF6 /* Project object */ = {
			isa = PBXProject;
			attributes = {
				BuildIndependentTargetsInParallel = 1;
				LastSwiftUpdateCheck = 1420;
				LastUpgradeCheck = 1420;
				TargetAttributes = {
					7EF8C8E22D90232D00987CF6 = {
						CreatedOnToolsVersion = 14.2;
					};
					7EF8C8F22D90232F00987CF6 = {
						CreatedOnToolsVersion = 14.2;
						TestTargetID = 7EF8C8E22D90232D00987CF6;
					};
					7EF8C8FC2D90232F00987CF6 = {
						CreatedOnToolsVersion = 14.2;
						TestTargetID = 7EF8C8E22D90232D00987CF6;
					};
				};
			};
			buildConfigurationList = 7EF8C8DE2D90232D00987CF6 /* Build configuration list for PBXProject "TravelPlanner" */;
			compatibilityVersion = "Xcode 14.0";
			developmentRegion = en;
			hasScannedForEncodings = 0;
			knownRegions = (
				en,
				Base,
			);
			mainGroup = 7EF8C8DA2D90232D00987CF6;
			productRefGroup = 7EF8C8E42D90232D00987CF6 /* Products */;
			projectDirPath = "";
			projectRoot = "";
			targets = (
				7EF8C8E22D90232D00987CF6 /* TravelPlanner */,
				7EF8C8F22D90232F00987CF6 /* TravelPlannerTests */,
				7EF8C8FC2D90232F00987CF6 /* TravelPlannerUITests */,
			);
		};
/* End PBXProject section */

/* Begin PBXResourcesBuildPhase section */
		7EF8C8E12D90232D00987CF6 /* Resources */ = {
			isa = PBXResourcesBuildPhase;
			buildActionMask = 2147483647;
			files = (
				7EF8C8EE2D90232F00987CF6 /* Preview Assets.xcassets in Resources */,
				7EF8C8EB2D90232F00987CF6 /* Assets.xcassets in Resources */,
			);
			runOnlyForDeploymentPostprocessing = 0;
		};
		7EF8C8F12D90232F00987CF6 /* Resources */ = {
			isa = PBXResourcesBuildPhase;
			buildActionMask = 2147483647;
			files = (
			);
			runOnlyForDeploymentPostprocessing = 0;
		};
		7EF8C8FB2D90232F00987CF6 /* Resources */ = {
			isa = PBXResourcesBuildPhase;
			buildActionMask = 2147483647;
			files = (
			);
			runOnlyForDeploymentPostprocessing = 0;
		};
/* End PBXResourcesBuildPhase section */

/* Begin PBXSourcesBuildPhase section */
		7EF8C8DF2D90232D00987CF6 /* Sources */ = {
			isa = PBXSourcesBuildPhase;
			buildActionMask = 2147483647;
			files = (
				79F7FBEA2DA5326A001539E0 /* TripDetailView.swift in Sources */,
				79F7FBEC2DA53288001539E0 /* EditTripView.swift in Sources */,
				79F7FBF22DA5337A001539E0 /* AddTripView.swift in Sources */,
				79F7FBE62DA531EA001539E0 /* LoginView.swift in Sources */,
				79F7FBEE2DA532C5001539E0 /* TripStore.swift in Sources */,
				79F7FBF02DA532E1001539E0 /* Trip.swift in Sources */,
				7EF8C8E92D90232D00987CF6 /* ContentView.swift in Sources */,
				7EF8C8E72D90232D00987CF6 /* TravelPlannerApp.swift in Sources */,
				79F7FBE82DA5320F001539E0 /* TripListView.swift in Sources */,
			);
			runOnlyForDeploymentPostprocessing = 0;
		};
		7EF8C8EF2D90232F00987CF6 /* Sources */ = {
			isa = PBXSourcesBuildPhase;
			buildActionMask = 2147483647;
			files = (
				7EF8C8F82D90232F00987CF6 /* TravelPlannerTests.swift in Sources */,
			);
			runOnlyForDeploymentPostprocessing = 0;
		};
		7EF8C8F92D90232F00987CF6 /* Sources */ = {
			isa = PBXSourcesBuildPhase;
			buildActionMask = 2147483647;
			files = (
				7EF8C9022D90232F00987CF6 /* TravelPlannerUITests.swift in Sources */,
				7EF8C9042D90232F00987CF6 /* TravelPlannerUITestsLaunchTests.swift in Sources */,
			);
			runOnlyForDeploymentPostprocessing = 0;
		};
/* End PBXSourcesBuildPhase section */

/* Begin PBXTargetDependency section */
		7EF8C8F52D90232F00987CF6 /* PBXTargetDependency */ = {
			isa = PBXTargetDependency;
			target = 7EF8C8E22D90232D00987CF6 /* TravelPlanner */;
			targetProxy = 7EF8C8F42D90232F00987CF6 /* PBXContainerItemProxy */;
		};
		7EF8C8FF2D90232F00987CF6 /* PBXTargetDependency */ = {
			isa = PBXTargetDependency;
			target = 7EF8C8E22D90232D00987CF6 /* TravelPlanner */;
			targetProxy = 7EF8C8FE2D90232F00987CF6 /* PBXContainerItemProxy */;
		};
/* End PBXTargetDependency section */

/* Begin XCBuildConfiguration section */
		7EF8C9052D90232F00987CF6 /* Debug */ = {
			isa = XCBuildConfiguration;
			buildSettings = {
				ALWAYS_SEARCH_USER_PATHS = NO;
				CLANG_ANALYZER_NONNULL = YES;
				CLANG_ANALYZER_NUMBER_OBJECT_CONVERSION = YES_AGGRESSIVE;
				CLANG_CXX_LANGUAGE_STANDARD = "gnu++20";
				CLANG_ENABLE_MODULES = YES;
				CLANG_ENABLE_OBJC_ARC = YES;
				CLANG_ENABLE_OBJC_WEAK = YES;
				CLANG_WARN_BLOCK_CAPTURE_AUTORELEASING = YES;
				CLANG_WARN_BOOL_CONVERSION = YES;
				CLANG_WARN_COMMA = YES;
				CLANG_WARN_CONSTANT_CONVERSION = YES;
				CLANG_WARN_DEPRECATED_OBJC_IMPLEMENTATIONS = YES;
				CLANG_WARN_DIRECT_OBJC_ISA_USAGE = YES_ERROR;
				CLANG_WARN_DOCUMENTATION_COMMENTS = YES;
				CLANG_WARN_EMPTY_BODY = YES;
				CLANG_WARN_ENUM_CONVERSION = YES;
				CLANG_WARN_INFINITE_RECURSION = YES;
				CLANG_WARN_INT_CONVERSION = YES;
				CLANG_WARN_NON_LITERAL_NULL_CONVERSION = YES;
				CLANG_WARN_OBJC_IMPLICIT_RETAIN_SELF = YES;
				CLANG_WARN_OBJC_LITERAL_CONVERSION = YES;
				CLANG_WARN_OBJC_ROOT_CLASS = YES_ERROR;
				CLANG_WARN_QUOTED_INCLUDE_IN_FRAMEWORK_HEADER = YES;
				CLANG_WARN_RANGE_LOOP_ANALYSIS = YES;
				CLANG_WARN_STRICT_PROTOTYPES = YES;
				CLANG_WARN_SUSPICIOUS_MOVE = YES;
				CLANG_WARN_UNGUARDED_AVAILABILITY = YES_AGGRESSIVE;
				CLANG_WARN_UNREACHABLE_CODE = YES;
				CLANG_WARN__DUPLICATE_METHOD_MATCH = YES;
				COPY_PHASE_STRIP = NO;
				DEBUG_INFORMATION_FORMAT = dwarf;
				ENABLE_STRICT_OBJC_MSGSEND = YES;
				ENABLE_TESTABILITY = YES;
				GCC_C_LANGUAGE_STANDARD = gnu11;
				GCC_DYNAMIC_NO_PIC = NO;
				GCC_NO_COMMON_BLOCKS = YES;
				GCC_OPTIMIZATION_LEVEL = 0;
				GCC_PREPROCESSOR_DEFINITIONS = (
					"DEBUG=1",
					"$(inherited)",
				);
				GCC_WARN_64_TO_32_BIT_CONVERSION = YES;
				GCC_WARN_ABOUT_RETURN_TYPE = YES_ERROR;
				GCC_WARN_UNDECLARED_SELECTOR = YES;
				GCC_WARN_UNINITIALIZED_AUTOS = YES_AGGRESSIVE;
				GCC_WARN_UNUSED_FUNCTION = YES;
				GCC_WARN_UNUSED_VARIABLE = YES;
				IPHONEOS_DEPLOYMENT_TARGET = 16.2;
				MTL_ENABLE_DEBUG_INFO = INCLUDE_SOURCE;
				MTL_FAST_MATH = YES;
				ONLY_ACTIVE_ARCH = YES;
				SDKROOT = iphoneos;
				SWIFT_ACTIVE_COMPILATION_CONDITIONS = DEBUG;
				SWIFT_OPTIMIZATION_LEVEL = "-Onone";
			};
			name = Debug;
		};
		7EF8C9062D90232F00987CF6 /* Release */ = {
			isa = XCBuildConfiguration;
			buildSettings = {
				ALWAYS_SEARCH_USER_PATHS = NO;
				CLANG_ANALYZER_NONNULL = YES;
				CLANG_ANALYZER_NUMBER_OBJECT_CONVERSION = YES_AGGRESSIVE;
				CLANG_CXX_LANGUAGE_STANDARD = "gnu++20";
				CLANG_ENABLE_MODULES = YES;
				CLANG_ENABLE_OBJC_ARC = YES;
				CLANG_ENABLE_OBJC_WEAK = YES;
				CLANG_WARN_BLOCK_CAPTURE_AUTORELEASING = YES;
				CLANG_WARN_BOOL_CONVERSION = YES;
				CLANG_WARN_COMMA = YES;
				CLANG_WARN_CONSTANT_CONVERSION = YES;
				CLANG_WARN_DEPRECATED_OBJC_IMPLEMENTATIONS = YES;
				CLANG_WARN_DIRECT_OBJC_ISA_USAGE = YES_ERROR;
				CLANG_WARN_DOCUMENTATION_COMMENTS = YES;
				CLANG_WARN_EMPTY_BODY = YES;
				CLANG_WARN_ENUM_CONVERSION = YES;
				CLANG_WARN_INFINITE_RECURSION = YES;
				CLANG_WARN_INT_CONVERSION = YES;
				CLANG_WARN_NON_LITERAL_NULL_CONVERSION = YES;
				CLANG_WARN_OBJC_IMPLICIT_RETAIN_SELF = YES;
				CLANG_WARN_OBJC_LITERAL_CONVERSION = YES;
				CLANG_WARN_OBJC_ROOT_CLASS = YES_ERROR;
				CLANG_WARN_QUOTED_INCLUDE_IN_FRAMEWORK_HEADER = YES;
				CLANG_WARN_RANGE_LOOP_ANALYSIS = YES;
				CLANG_WARN_STRICT_PROTOTYPES = YES;
				CLANG_WARN_SUSPICIOUS_MOVE = YES;
				CLANG_WARN_UNGUARDED_AVAILABILITY = YES_AGGRESSIVE;
				CLANG_WARN_UNREACHABLE_CODE = YES;
				CLANG_WARN__DUPLICATE_METHOD_MATCH = YES;
				COPY_PHASE_STRIP = NO;
				DEBUG_INFORMATION_FORMAT = "dwarf-with-dsym";
				ENABLE_NS_ASSERTIONS = NO;
				ENABLE_STRICT_OBJC_MSGSEND = YES;
				GCC_C_LANGUAGE_STANDARD = gnu11;
				GCC_NO_COMMON_BLOCKS = YES;
				GCC_WARN_64_TO_32_BIT_CONVERSION = YES;
				GCC_WARN_ABOUT_RETURN_TYPE = YES_ERROR;
				GCC_WARN_UNDECLARED_SELECTOR = YES;
				GCC_WARN_UNINITIALIZED_AUTOS = YES_AGGRESSIVE;
				GCC_WARN_UNUSED_FUNCTION = YES;
				GCC_WARN_UNUSED_VARIABLE = YES;
				IPHONEOS_DEPLOYMENT_TARGET = 16.2;
				MTL_ENABLE_DEBUG_INFO = NO;
				MTL_FAST_MATH = YES;
				SDKROOT = iphoneos;
				SWIFT_COMPILATION_MODE = wholemodule;
				SWIFT_OPTIMIZATION_LEVEL = "-O";
				VALIDATE_PRODUCT = YES;
			};
			name = Release;
		};
		7EF8C9082D90232F00987CF6 /* Debug */ = {
			isa = XCBuildConfiguration;
			buildSettings = {
				ASSETCATALOG_COMPILER_APPICON_NAME = AppIcon;
				ASSETCATALOG_COMPILER_GLOBAL_ACCENT_COLOR_NAME = AccentColor;
				CODE_SIGN_STYLE = Automatic;
				CURRENT_PROJECT_VERSION = 1;
				DEVELOPMENT_ASSET_PATHS = "\"TravelPlanner/Preview Content\"";
				ENABLE_PREVIEWS = YES;
				GENERATE_INFOPLIST_FILE = YES;
				INFOPLIST_KEY_UIApplicationSceneManifest_Generation = YES;
				INFOPLIST_KEY_UIApplicationSupportsIndirectInputEvents = YES;
				INFOPLIST_KEY_UILaunchScreen_Generation = YES;
				INFOPLIST_KEY_UISupportedInterfaceOrientations_iPad = "UIInterfaceOrientationPortrait UIInterfaceOrientationPortraitUpsideDown UIInterfaceOrientationLandscapeLeft UIInterfaceOrientationLandscapeRight";
				INFOPLIST_KEY_UISupportedInterfaceOrientations_iPhone = "UIInterfaceOrientationPortrait UIInterfaceOrientationLandscapeLeft UIInterfaceOrientationLandscapeRight";
				LD_RUNPATH_SEARCH_PATHS = (
					"$(inherited)",
					"@executable_path/Frameworks",
				);
				MARKETING_VERSION = 1.0;
				PRODUCT_BUNDLE_IDENTIFIER = wce.TravelPlanner;
				PRODUCT_NAME = "$(TARGET_NAME)";
				SWIFT_EMIT_LOC_STRINGS = YES;
				SWIFT_VERSION = 5.0;
				TARGETED_DEVICE_FAMILY = "1,2";
			};
			name = Debug;
		};
		7EF8C9092D90232F00987CF6 /* Release */ = {
			isa = XCBuildConfiguration;
			buildSettings = {
				ASSETCATALOG_COMPILER_APPICON_NAME = AppIcon;
				ASSETCATALOG_COMPILER_GLOBAL_ACCENT_COLOR_NAME = AccentColor;
				CODE_SIGN_STYLE = Automatic;
				CURRENT_PROJECT_VERSION = 1;
				DEVELOPMENT_ASSET_PATHS = "\"TravelPlanner/Preview Content\"";
				ENABLE_PREVIEWS = YES;
				GENERATE_INFOPLIST_FILE = YES;
				INFOPLIST_KEY_UIApplicationSceneManifest_Generation = YES;
				INFOPLIST_KEY_UIApplicationSupportsIndirectInputEvents = YES;
				INFOPLIST_KEY_UILaunchScreen_Generation = YES;
				INFOPLIST_KEY_UISupportedInterfaceOrientations_iPad = "UIInterfaceOrientationPortrait UIInterfaceOrientationPortraitUpsideDown UIInterfaceOrientationLandscapeLeft UIInterfaceOrientationLandscapeRight";
				INFOPLIST_KEY_UISupportedInterfaceOrientations_iPhone = "UIInterfaceOrientationPortrait UIInterfaceOrientationLandscapeLeft UIInterfaceOrientationLandscapeRight";
				LD_RUNPATH_SEARCH_PATHS = (
					"$(inherited)",
					"@executable_path/Frameworks",
				);
				MARKETING_VERSION = 1.0;
				PRODUCT_BUNDLE_IDENTIFIER = wce.TravelPlanner;
				PRODUCT_NAME = "$(TARGET_NAME)";
				SWIFT_EMIT_LOC_STRINGS = YES;
				SWIFT_VERSION = 5.0;
				TARGETED_DEVICE_FAMILY = "1,2";
			};
			name = Release;
		};
		7EF8C90B2D90232F00987CF6 /* Debug */ = {
			isa = XCBuildConfiguration;
			buildSettings = {
				ALWAYS_EMBED_SWIFT_STANDARD_LIBRARIES = YES;
				BUNDLE_LOADER = "$(TEST_HOST)";
				CODE_SIGN_STYLE = Automatic;
				CURRENT_PROJECT_VERSION = 1;
				GENERATE_INFOPLIST_FILE = YES;
				IPHONEOS_DEPLOYMENT_TARGET = 16.2;
				MARKETING_VERSION = 1.0;
				PRODUCT_BUNDLE_IDENTIFIER = wce.TravelPlannerTests;
				PRODUCT_NAME = "$(TARGET_NAME)";
				SWIFT_EMIT_LOC_STRINGS = NO;
				SWIFT_VERSION = 5.0;
				TARGETED_DEVICE_FAMILY = "1,2";
				TEST_HOST = "$(BUILT_PRODUCTS_DIR)/TravelPlanner.app/$(BUNDLE_EXECUTABLE_FOLDER_PATH)/TravelPlanner";
			};
			name = Debug;
		};
		7EF8C90C2D90232F00987CF6 /* Release */ = {
			isa = XCBuildConfiguration;
			buildSettings = {
				ALWAYS_EMBED_SWIFT_STANDARD_LIBRARIES = YES;
				BUNDLE_LOADER = "$(TEST_HOST)";
				CODE_SIGN_STYLE = Automatic;
				CURRENT_PROJECT_VERSION = 1;
				GENERATE_INFOPLIST_FILE = YES;
				IPHONEOS_DEPLOYMENT_TARGET = 16.2;
				MARKETING_VERSION = 1.0;
				PRODUCT_BUNDLE_IDENTIFIER = wce.TravelPlannerTests;
				PRODUCT_NAME = "$(TARGET_NAME)";
				SWIFT_EMIT_LOC_STRINGS = NO;
				SWIFT_VERSION = 5.0;
				TARGETED_DEVICE_FAMILY = "1,2";
				TEST_HOST = "$(BUILT_PRODUCTS_DIR)/TravelPlanner.app/$(BUNDLE_EXECUTABLE_FOLDER_PATH)/TravelPlanner";
			};
			name = Release;
		};
		7EF8C90E2D90232F00987CF6 /* Debug */ = {
			isa = XCBuildConfiguration;
			buildSettings = {
				ALWAYS_EMBED_SWIFT_STANDARD_LIBRARIES = YES;
				CODE_SIGN_STYLE = Automatic;
				CURRENT_PROJECT_VERSION = 1;
				GENERATE_INFOPLIST_FILE = YES;
				MARKETING_VERSION = 1.0;
				PRODUCT_BUNDLE_IDENTIFIER = wce.TravelPlannerUITests;
				PRODUCT_NAME = "$(TARGET_NAME)";
				SWIFT_EMIT_LOC_STRINGS = NO;
				SWIFT_VERSION = 5.0;
				TARGETED_DEVICE_FAMILY = "1,2";
				TEST_TARGET_NAME = TravelPlanner;
			};
			name = Debug;
		};
		7EF8C90F2D90232F00987CF6 /* Release */ = {
			isa = XCBuildConfiguration;
			buildSettings = {
				ALWAYS_EMBED_SWIFT_STANDARD_LIBRARIES = YES;
				CODE_SIGN_STYLE = Automatic;
				CURRENT_PROJECT_VERSION = 1;
				GENERATE_INFOPLIST_FILE = YES;
				MARKETING_VERSION = 1.0;
				PRODUCT_BUNDLE_IDENTIFIER = wce.TravelPlannerUITests;
				PRODUCT_NAME = "$(TARGET_NAME)";
				SWIFT_EMIT_LOC_STRINGS = NO;
				SWIFT_VERSION = 5.0;
				TARGETED_DEVICE_FAMILY = "1,2";
				TEST_TARGET_NAME = TravelPlanner;
			};
			name = Release;
		};
/* End XCBuildConfiguration section */

/* Begin XCConfigurationList section */
		7EF8C8DE2D90232D00987CF6 /* Build configuration list for PBXProject "TravelPlanner" */ = {
			isa = XCConfigurationList;
			buildConfigurations = (
				7EF8C9052D90232F00987CF6 /* Debug */,
				7EF8C9062D90232F00987CF6 /* Release */,
			);
			defaultConfigurationIsVisible = 0;
			defaultConfigurationName = Release;
		};
		7EF8C9072D90232F00987CF6 /* Build configuration list for PBXNativeTarget "TravelPlanner" */ = {
			isa = XCConfigurationList;
			buildConfigurations = (
				7EF8C9082D90232F00987CF6 /* Debug */,
				7EF8C9092D90232F00987CF6 /* Release */,
			);
			defaultConfigurationIsVisible = 0;
			defaultConfigurationName = Release;
		};
		7EF8C90A2D90232F00987CF6 /* Build configuration list for PBXNativeTarget "TravelPlannerTests" */ = {
			isa = XCConfigurationList;
			buildConfigurations = (
				7EF8C90B2D90232F00987CF6 /* Debug */,
				7EF8C90C2D90232F00987CF6 /* Release */,
			);
			defaultConfigurationIsVisible = 0;
			defaultConfigurationName = Release;
		};
		7EF8C90D2D90232F00987CF6 /* Build configuration list for PBXNativeTarget "TravelPlannerUITests" */ = {
			isa = XCConfigurationList;
			buildConfigurations = (
				7EF8C90E2D90232F00987CF6 /* Debug */,
				7EF8C90F2D90232F00987CF6 /* Release */,
			);
			defaultConfigurationIsVisible = 0;
			defaultConfigurationName = Release;
		};
/* End XCConfigurationList section */
	};
	rootObject = 7EF8C8DB2D90232D00987CF6 /* Project object */;
}
