// !$*UTF8*$!
{
	archiveVersion = 1;
	classes = {
	};
	objectVersion = 56;
	objects = {

/* Begin PBXBuildFile section */
		7E2AC97C2D912959006B2149 /* bookApp.swift in Sources */ = {isa = PBXBuildFile; fileRef = 7E2AC97B2D912959006B2149 /* bookApp.swift */; };
		7E2AC97E2D912959006B2149 /* ContentView.swift in Sources */ = {isa = PBXBuildFile; fileRef = 7E2AC97D2D912959006B2149 /* ContentView.swift */; };
		7E2AC9802D91295B006B2149 /* Assets.xcassets in Resources */ = {isa = PBXBuildFile; fileRef = 7E2AC97F2D91295B006B2149 /* Assets.xcassets */; };
		7E2AC9832D91295B006B2149 /* Preview Assets.xcassets in Resources */ = {isa = PBXBuildFile; fileRef = 7E2AC9822D91295B006B2149 /* Preview Assets.xcassets */; };
		7E2AC98D2D91295B006B2149 /* bookTests.swift in Sources */ = {isa = PBXBuildFile; fileRef = 7E2AC98C2D91295B006B2149 /* bookTests.swift */; };
		7E2AC9972D91295B006B2149 /* bookUITests.swift in Sources */ = {isa = PBXBuildFile; fileRef = 7E2AC9962D91295B006B2149 /* bookUITests.swift */; };
		7E2AC9992D91295B006B2149 /* bookUITestsLaunchTests.swift in Sources */ = {isa = PBXBuildFile; fileRef = 7E2AC9982D91295B006B2149 /* bookUITestsLaunchTests.swift */; };
/* End PBXBuildFile section */

/* Begin PBXContainerItemProxy section */
		7E2AC9892D91295B006B2149 /* PBXContainerItemProxy */ = {
			isa = PBXContainerItemProxy;
			containerPortal = 7E2AC9702D912959006B2149 /* Project object */;
			proxyType = 1;
			remoteGlobalIDString = 7E2AC9772D912959006B2149;
			remoteInfo = book;
		};
		7E2AC9932D91295B006B2149 /* PBXContainerItemProxy */ = {
			isa = PBXContainerItemProxy;
			containerPortal = 7E2AC9702D912959006B2149 /* Project object */;
			proxyType = 1;
			remoteGlobalIDString = 7E2AC9772D912959006B2149;
			remoteInfo = book;
		};
/* End PBXContainerItemProxy section */

/* Begin PBXFileReference section */
		7E2AC9782D912959006B2149 /* book.app */ = {isa = PBXFileReference; explicitFileType = wrapper.application; includeInIndex = 0; path = book.app; sourceTree = BUILT_PRODUCTS_DIR; };
		7E2AC97B2D912959006B2149 /* bookApp.swift */ = {isa = PBXFileReference; lastKnownFileType = sourcecode.swift; path = bookApp.swift; sourceTree = "<group>"; };
		7E2AC97D2D912959006B2149 /* ContentView.swift */ = {isa = PBXFileReference; lastKnownFileType = sourcecode.swift; path = ContentView.swift; sourceTree = "<group>"; };
		7E2AC97F2D91295B006B2149 /* Assets.xcassets */ = {isa = PBXFileReference; lastKnownFileType = folder.assetcatalog; path = Assets.xcassets; sourceTree = "<group>"; };
		7E2AC9822D91295B006B2149 /* Preview Assets.xcassets */ = {isa = PBXFileReference; lastKnownFileType = folder.assetcatalog; path = "Preview Assets.xcassets"; sourceTree = "<group>"; };
		7E2AC9882D91295B006B2149 /* bookTests.xctest */ = {isa = PBXFileReference; explicitFileType = wrapper.cfbundle; includeInIndex = 0; path = bookTests.xctest; sourceTree = BUILT_PRODUCTS_DIR; };
		7E2AC98C2D91295B006B2149 /* bookTests.swift */ = {isa = PBXFileReference; lastKnownFileType = sourcecode.swift; path = bookTests.swift; sourceTree = "<group>"; };
		7E2AC9922D91295B006B2149 /* bookUITests.xctest */ = {isa = PBXFileReference; explicitFileType = wrapper.cfbundle; includeInIndex = 0; path = bookUITests.xctest; sourceTree = BUILT_PRODUCTS_DIR; };
		7E2AC9962D91295B006B2149 /* bookUITests.swift */ = {isa = PBXFileReference; lastKnownFileType = sourcecode.swift; path = bookUITests.swift; sourceTree = "<group>"; };
		7E2AC9982D91295B006B2149 /* bookUITestsLaunchTests.swift */ = {isa = PBXFileReference; lastKnownFileType = sourcecode.swift; path = bookUITestsLaunchTests.swift; sourceTree = "<group>"; };
/* End PBXFileReference section */

/* Begin PBXFrameworksBuildPhase section */
		7E2AC9752D912959006B2149 /* Frameworks */ = {
			isa = PBXFrameworksBuildPhase;
			buildActionMask = 2147483647;
			files = (
			);
			runOnlyForDeploymentPostprocessing = 0;
		};
		7E2AC9852D91295B006B2149 /* Frameworks */ = {
			isa = PBXFrameworksBuildPhase;
			buildActionMask = 2147483647;
			files = (
			);
			runOnlyForDeploymentPostprocessing = 0;
		};
		7E2AC98F2D91295B006B2149 /* Frameworks */ = {
			isa = PBXFrameworksBuildPhase;
			buildActionMask = 2147483647;
			files = (
			);
			runOnlyForDeploymentPostprocessing = 0;
		};
/* End PBXFrameworksBuildPhase section */

/* Begin PBXGroup section */
		7E2AC96F2D912959006B2149 = {
			isa = PBXGroup;
			children = (
				7E2AC97A2D912959006B2149 /* book */,
				7E2AC98B2D91295B006B2149 /* bookTests */,
				7E2AC9952D91295B006B2149 /* bookUITests */,
				7E2AC9792D912959006B2149 /* Products */,
			);
			sourceTree = "<group>";
		};
		7E2AC9792D912959006B2149 /* Products */ = {
			isa = PBXGroup;
			children = (
				7E2AC9782D912959006B2149 /* book.app */,
				7E2AC9882D91295B006B2149 /* bookTests.xctest */,
				7E2AC9922D91295B006B2149 /* bookUITests.xctest */,
			);
			name = Products;
			sourceTree = "<group>";
		};
		7E2AC97A2D912959006B2149 /* book */ = {
			isa = PBXGroup;
			children = (
				7E2AC97B2D912959006B2149 /* bookApp.swift */,
				7E2AC97D2D912959006B2149 /* ContentView.swift */,
				7E2AC97F2D91295B006B2149 /* Assets.xcassets */,
				7E2AC9812D91295B006B2149 /* Preview Content */,
			);
			path = book;
			sourceTree = "<group>";
		};
		7E2AC9812D91295B006B2149 /* Preview Content */ = {
			isa = PBXGroup;
			children = (
				7E2AC9822D91295B006B2149 /* Preview Assets.xcassets */,
			);
			path = "Preview Content";
			sourceTree = "<group>";
		};
		7E2AC98B2D91295B006B2149 /* bookTests */ = {
			isa = PBXGroup;
			children = (
				7E2AC98C2D91295B006B2149 /* bookTests.swift */,
			);
			path = bookTests;
			sourceTree = "<group>";
		};
		7E2AC9952D91295B006B2149 /* bookUITests */ = {
			isa = PBXGroup;
			children = (
				7E2AC9962D91295B006B2149 /* bookUITests.swift */,
				7E2AC9982D91295B006B2149 /* bookUITestsLaunchTests.swift */,
			);
			path = bookUITests;
			sourceTree = "<group>";
		};
/* End PBXGroup section */

/* Begin PBXNativeTarget section */
		7E2AC9772D912959006B2149 /* book */ = {
			isa = PBXNativeTarget;
			buildConfigurationList = 7E2AC99C2D91295B006B2149 /* Build configuration list for PBXNativeTarget "book" */;
			buildPhases = (
				7E2AC9742D912959006B2149 /* Sources */,
				7E2AC9752D912959006B2149 /* Frameworks */,
				7E2AC9762D912959006B2149 /* Resources */,
			);
			buildRules = (
			);
			dependencies = (
			);
			name = book;
			productName = book;
			productReference = 7E2AC9782D912959006B2149 /* book.app */;
			productType = "com.apple.product-type.application";
		};
		7E2AC9872D91295B006B2149 /* bookTests */ = {
			isa = PBXNativeTarget;
			buildConfigurationList = 7E2AC99F2D91295B006B2149 /* Build configuration list for PBXNativeTarget "bookTests" */;
			buildPhases = (
				7E2AC9842D91295B006B2149 /* Sources */,
				7E2AC9852D91295B006B2149 /* Frameworks */,
				7E2AC9862D91295B006B2149 /* Resources */,
			);
			buildRules = (
			);
			dependencies = (
				7E2AC98A2D91295B006B2149 /* PBXTargetDependency */,
			);
			name = bookTests;
			productName = bookTests;
			productReference = 7E2AC9882D91295B006B2149 /* bookTests.xctest */;
			productType = "com.apple.product-type.bundle.unit-test";
		};
		7E2AC9912D91295B006B2149 /* bookUITests */ = {
			isa = PBXNativeTarget;
			buildConfigurationList = 7E2AC9A22D91295B006B2149 /* Build configuration list for PBXNativeTarget "bookUITests" */;
			buildPhases = (
				7E2AC98E2D91295B006B2149 /* Sources */,
				7E2AC98F2D91295B006B2149 /* Frameworks */,
				7E2AC9902D91295B006B2149 /* Resources */,
			);
			buildRules = (
			);
			dependencies = (
				7E2AC9942D91295B006B2149 /* PBXTargetDependency */,
			);
			name = bookUITests;
			productName = bookUITests;
			productReference = 7E2AC9922D91295B006B2149 /* bookUITests.xctest */;
			productType = "com.apple.product-type.bundle.ui-testing";
		};
/* End PBXNativeTarget section */

/* Begin PBXProject section */
		7E2AC9702D912959006B2149 /* Project object */ = {
			isa = PBXProject;
			attributes = {
				BuildIndependentTargetsInParallel = 1;
				LastSwiftUpdateCheck = 1420;
				LastUpgradeCheck = 1420;
				TargetAttributes = {
					7E2AC9772D912959006B2149 = {
						CreatedOnToolsVersion = 14.2;
					};
					7E2AC9872D91295B006B2149 = {
						CreatedOnToolsVersion = 14.2;
						TestTargetID = 7E2AC9772D912959006B2149;
					};
					7E2AC9912D91295B006B2149 = {
						CreatedOnToolsVersion = 14.2;
						TestTargetID = 7E2AC9772D912959006B2149;
					};
				};
			};
			buildConfigurationList = 7E2AC9732D912959006B2149 /* Build configuration list for PBXProject "book" */;
			compatibilityVersion = "Xcode 14.0";
			developmentRegion = en;
			hasScannedForEncodings = 0;
			knownRegions = (
				en,
				Base,
			);
			mainGroup = 7E2AC96F2D912959006B2149;
			productRefGroup = 7E2AC9792D912959006B2149 /* Products */;
			projectDirPath = "";
			projectRoot = "";
			targets = (
				7E2AC9772D912959006B2149 /* book */,
				7E2AC9872D91295B006B2149 /* bookTests */,
				7E2AC9912D91295B006B2149 /* bookUITests */,
			);
		};
/* End PBXProject section */

/* Begin PBXResourcesBuildPhase section */
		7E2AC9762D912959006B2149 /* Resources */ = {
			isa = PBXResourcesBuildPhase;
			buildActionMask = 2147483647;
			files = (
				7E2AC9832D91295B006B2149 /* Preview Assets.xcassets in Resources */,
				7E2AC9802D91295B006B2149 /* Assets.xcassets in Resources */,
			);
			runOnlyForDeploymentPostprocessing = 0;
		};
		7E2AC9862D91295B006B2149 /* Resources */ = {
			isa = PBXResourcesBuildPhase;
			buildActionMask = 2147483647;
			files = (
			);
			runOnlyForDeploymentPostprocessing = 0;
		};
		7E2AC9902D91295B006B2149 /* Resources */ = {
			isa = PBXResourcesBuildPhase;
			buildActionMask = 2147483647;
			files = (
			);
			runOnlyForDeploymentPostprocessing = 0;
		};
/* End PBXResourcesBuildPhase section */

/* Begin PBXSourcesBuildPhase section */
		7E2AC9742D912959006B2149 /* Sources */ = {
			isa = PBXSourcesBuildPhase;
			buildActionMask = 2147483647;
			files = (
				7E2AC97E2D912959006B2149 /* ContentView.swift in Sources */,
				7E2AC97C2D912959006B2149 /* bookApp.swift in Sources */,
			);
			runOnlyForDeploymentPostprocessing = 0;
		};
		7E2AC9842D91295B006B2149 /* Sources */ = {
			isa = PBXSourcesBuildPhase;
			buildActionMask = 2147483647;
			files = (
				7E2AC98D2D91295B006B2149 /* bookTests.swift in Sources */,
			);
			runOnlyForDeploymentPostprocessing = 0;
		};
		7E2AC98E2D91295B006B2149 /* Sources */ = {
			isa = PBXSourcesBuildPhase;
			buildActionMask = 2147483647;
			files = (
				7E2AC9972D91295B006B2149 /* bookUITests.swift in Sources */,
				7E2AC9992D91295B006B2149 /* bookUITestsLaunchTests.swift in Sources */,
			);
			runOnlyForDeploymentPostprocessing = 0;
		};
/* End PBXSourcesBuildPhase section */

/* Begin PBXTargetDependency section */
		7E2AC98A2D91295B006B2149 /* PBXTargetDependency */ = {
			isa = PBXTargetDependency;
			target = 7E2AC9772D912959006B2149 /* book */;
			targetProxy = 7E2AC9892D91295B006B2149 /* PBXContainerItemProxy */;
		};
		7E2AC9942D91295B006B2149 /* PBXTargetDependency */ = {
			isa = PBXTargetDependency;
			target = 7E2AC9772D912959006B2149 /* book */;
			targetProxy = 7E2AC9932D91295B006B2149 /* PBXContainerItemProxy */;
		};
/* End PBXTargetDependency section */

/* Begin XCBuildConfiguration section */
		7E2AC99A2D91295B006B2149 /* Debug */ = {
			isa = XCBuildConfiguration;
			buildSettings = {
				ALWAYS_SEARCH_USER_PATHS = NO;
				CLANG_ANALYZER_NONNULL = YES;
				CLANG_ANALYZER_NUMBER_OBJECT_CONVERSION = YES_AGGRESSIVE;
				CLANG_CXX_LANGUAGE_STANDARD = "gnu++20";
				CLANG_ENABLE_MODULES = YES;
				CLANG_ENABLE_OBJC_ARC = YES;
				CLANG_ENABLE_OBJC_WEAK = YES;
				CLANG_WARN_BLOCK_CAPTURE_AUTORELEASING = YES;
				CLANG_WARN_BOOL_CONVERSION = YES;
				CLANG_WARN_COMMA = YES;
				CLANG_WARN_CONSTANT_CONVERSION = YES;
				CLANG_WARN_DEPRECATED_OBJC_IMPLEMENTATIONS = YES;
				CLANG_WARN_DIRECT_OBJC_ISA_USAGE = YES_ERROR;
				CLANG_WARN_DOCUMENTATION_COMMENTS = YES;
				CLANG_WARN_EMPTY_BODY = YES;
				CLANG_WARN_ENUM_CONVERSION = YES;
				CLANG_WARN_INFINITE_RECURSION = YES;
				CLANG_WARN_INT_CONVERSION = YES;
				CLANG_WARN_NON_LITERAL_NULL_CONVERSION = YES;
				CLANG_WARN_OBJC_IMPLICIT_RETAIN_SELF = YES;
				CLANG_WARN_OBJC_LITERAL_CONVERSION = YES;
				CLANG_WARN_OBJC_ROOT_CLASS = YES_ERROR;
				CLANG_WARN_QUOTED_INCLUDE_IN_FRAMEWORK_HEADER = YES;
				CLANG_WARN_RANGE_LOOP_ANALYSIS = YES;
				CLANG_WARN_STRICT_PROTOTYPES = YES;
				CLANG_WARN_SUSPICIOUS_MOVE = YES;
				CLANG_WARN_UNGUARDED_AVAILABILITY = YES_AGGRESSIVE;
				CLANG_WARN_UNREACHABLE_CODE = YES;
				CLANG_WARN__DUPLICATE_METHOD_MATCH = YES;
				COPY_PHASE_STRIP = NO;
				DEBUG_INFORMATION_FORMAT = dwarf;
				ENABLE_STRICT_OBJC_MSGSEND = YES;
				ENABLE_TESTABILITY = YES;
				GCC_C_LANGUAGE_STANDARD = gnu11;
				GCC_DYNAMIC_NO_PIC = NO;
				GCC_NO_COMMON_BLOCKS = YES;
				GCC_OPTIMIZATION_LEVEL = 0;
				GCC_PREPROCESSOR_DEFINITIONS = (
					"DEBUG=1",
					"$(inherited)",
				);
				GCC_WARN_64_TO_32_BIT_CONVERSION = YES;
				GCC_WARN_ABOUT_RETURN_TYPE = YES_ERROR;
				GCC_WARN_UNDECLARED_SELECTOR = YES;
				GCC_WARN_UNINITIALIZED_AUTOS = YES_AGGRESSIVE;
				GCC_WARN_UNUSED_FUNCTION = YES;
				GCC_WARN_UNUSED_VARIABLE = YES;
				IPHONEOS_DEPLOYMENT_TARGET = 16.2;
				MTL_ENABLE_DEBUG_INFO = INCLUDE_SOURCE;
				MTL_FAST_MATH = YES;
				ONLY_ACTIVE_ARCH = YES;
				SDKROOT = iphoneos;
				SWIFT_ACTIVE_COMPILATION_CONDITIONS = DEBUG;
				SWIFT_OPTIMIZATION_LEVEL = "-Onone";
			};
			name = Debug;
		};
		7E2AC99B2D91295B006B2149 /* Release */ = {
			isa = XCBuildConfiguration;
			buildSettings = {
				ALWAYS_SEARCH_USER_PATHS = NO;
				CLANG_ANALYZER_NONNULL = YES;
				CLANG_ANALYZER_NUMBER_OBJECT_CONVERSION = YES_AGGRESSIVE;
				CLANG_CXX_LANGUAGE_STANDARD = "gnu++20";
				CLANG_ENABLE_MODULES = YES;
				CLANG_ENABLE_OBJC_ARC = YES;
				CLANG_ENABLE_OBJC_WEAK = YES;
				CLANG_WARN_BLOCK_CAPTURE_AUTORELEASING = YES;
				CLANG_WARN_BOOL_CONVERSION = YES;
				CLANG_WARN_COMMA = YES;
				CLANG_WARN_CONSTANT_CONVERSION = YES;
				CLANG_WARN_DEPRECATED_OBJC_IMPLEMENTATIONS = YES;
				CLANG_WARN_DIRECT_OBJC_ISA_USAGE = YES_ERROR;
				CLANG_WARN_DOCUMENTATION_COMMENTS = YES;
				CLANG_WARN_EMPTY_BODY = YES;
				CLANG_WARN_ENUM_CONVERSION = YES;
				CLANG_WARN_INFINITE_RECURSION = YES;
				CLANG_WARN_INT_CONVERSION = YES;
				CLANG_WARN_NON_LITERAL_NULL_CONVERSION = YES;
				CLANG_WARN_OBJC_IMPLICIT_RETAIN_SELF = YES;
				CLANG_WARN_OBJC_LITERAL_CONVERSION = YES;
				CLANG_WARN_OBJC_ROOT_CLASS = YES_ERROR;
				CLANG_WARN_QUOTED_INCLUDE_IN_FRAMEWORK_HEADER = YES;
				CLANG_WARN_RANGE_LOOP_ANALYSIS = YES;
				CLANG_WARN_STRICT_PROTOTYPES = YES;
				CLANG_WARN_SUSPICIOUS_MOVE = YES;
				CLANG_WARN_UNGUARDED_AVAILABILITY = YES_AGGRESSIVE;
				CLANG_WARN_UNREACHABLE_CODE = YES;
				CLANG_WARN__DUPLICATE_METHOD_MATCH = YES;
				COPY_PHASE_STRIP = NO;
				DEBUG_INFORMATION_FORMAT = "dwarf-with-dsym";
				ENABLE_NS_ASSERTIONS = NO;
				ENABLE_STRICT_OBJC_MSGSEND = YES;
				GCC_C_LANGUAGE_STANDARD = gnu11;
				GCC_NO_COMMON_BLOCKS = YES;
				GCC_WARN_64_TO_32_BIT_CONVERSION = YES;
				GCC_WARN_ABOUT_RETURN_TYPE = YES_ERROR;
				GCC_WARN_UNDECLARED_SELECTOR = YES;
				GCC_WARN_UNINITIALIZED_AUTOS = YES_AGGRESSIVE;
				GCC_WARN_UNUSED_FUNCTION = YES;
				GCC_WARN_UNUSED_VARIABLE = YES;
				IPHONEOS_DEPLOYMENT_TARGET = 16.2;
				MTL_ENABLE_DEBUG_INFO = NO;
				MTL_FAST_MATH = YES;
				SDKROOT = iphoneos;
				SWIFT_COMPILATION_MODE = wholemodule;
				SWIFT_OPTIMIZATION_LEVEL = "-O";
				VALIDATE_PRODUCT = YES;
			};
			name = Release;
		};
		7E2AC99D2D91295B006B2149 /* Debug */ = {
			isa = XCBuildConfiguration;
			buildSettings = {
				ASSETCATALOG_COMPILER_APPICON_NAME = AppIcon;
				ASSETCATALOG_COMPILER_GLOBAL_ACCENT_COLOR_NAME = AccentColor;
				CODE_SIGN_STYLE = Automatic;
				CURRENT_PROJECT_VERSION = 1;
				DEVELOPMENT_ASSET_PATHS = "\"book/Preview Content\"";
				ENABLE_PREVIEWS = YES;
				GENERATE_INFOPLIST_FILE = YES;
				INFOPLIST_KEY_UIApplicationSceneManifest_Generation = YES;
				INFOPLIST_KEY_UIApplicationSupportsIndirectInputEvents = YES;
				INFOPLIST_KEY_UILaunchScreen_Generation = YES;
				INFOPLIST_KEY_UISupportedInterfaceOrientations_iPad = "UIInterfaceOrientationPortrait UIInterfaceOrientationPortraitUpsideDown UIInterfaceOrientationLandscapeLeft UIInterfaceOrientationLandscapeRight";
				INFOPLIST_KEY_UISupportedInterfaceOrientations_iPhone = "UIInterfaceOrientationPortrait UIInterfaceOrientationLandscapeLeft UIInterfaceOrientationLandscapeRight";
				LD_RUNPATH_SEARCH_PATHS = (
					"$(inherited)",
					"@executable_path/Frameworks",
				);
				MARKETING_VERSION = 1.0;
				PRODUCT_BUNDLE_IDENTIFIER = wce.book;
				PRODUCT_NAME = "$(TARGET_NAME)";
				SWIFT_EMIT_LOC_STRINGS = YES;
				SWIFT_VERSION = 5.0;
				TARGETED_DEVICE_FAMILY = "1,2";
			};
			name = Debug;
		};
		7E2AC99E2D91295B006B2149 /* Release */ = {
			isa = XCBuildConfiguration;
			buildSettings = {
				ASSETCATALOG_COMPILER_APPICON_NAME = AppIcon;
				ASSETCATALOG_COMPILER_GLOBAL_ACCENT_COLOR_NAME = AccentColor;
				CODE_SIGN_STYLE = Automatic;
				CURRENT_PROJECT_VERSION = 1;
				DEVELOPMENT_ASSET_PATHS = "\"book/Preview Content\"";
				ENABLE_PREVIEWS = YES;
				GENERATE_INFOPLIST_FILE = YES;
				INFOPLIST_KEY_UIApplicationSceneManifest_Generation = YES;
				INFOPLIST_KEY_UIApplicationSupportsIndirectInputEvents = YES;
				INFOPLIST_KEY_UILaunchScreen_Generation = YES;
				INFOPLIST_KEY_UISupportedInterfaceOrientations_iPad = "UIInterfaceOrientationPortrait UIInterfaceOrientationPortraitUpsideDown UIInterfaceOrientationLandscapeLeft UIInterfaceOrientationLandscapeRight";
				INFOPLIST_KEY_UISupportedInterfaceOrientations_iPhone = "UIInterfaceOrientationPortrait UIInterfaceOrientationLandscapeLeft UIInterfaceOrientationLandscapeRight";
				LD_RUNPATH_SEARCH_PATHS = (
					"$(inherited)",
					"@executable_path/Frameworks",
				);
				MARKETING_VERSION = 1.0;
				PRODUCT_BUNDLE_IDENTIFIER = wce.book;
				PRODUCT_NAME = "$(TARGET_NAME)";
				SWIFT_EMIT_LOC_STRINGS = YES;
				SWIFT_VERSION = 5.0;
				TARGETED_DEVICE_FAMILY = "1,2";
			};
			name = Release;
		};
		7E2AC9A02D91295B006B2149 /* Debug */ = {
			isa = XCBuildConfiguration;
			buildSettings = {
				ALWAYS_EMBED_SWIFT_STANDARD_LIBRARIES = YES;
				BUNDLE_LOADER = "$(TEST_HOST)";
				CODE_SIGN_STYLE = Automatic;
				CURRENT_PROJECT_VERSION = 1;
				GENERATE_INFOPLIST_FILE = YES;
				IPHONEOS_DEPLOYMENT_TARGET = 16.2;
				MARKETING_VERSION = 1.0;
				PRODUCT_BUNDLE_IDENTIFIER = wce.bookTests;
				PRODUCT_NAME = "$(TARGET_NAME)";
				SWIFT_EMIT_LOC_STRINGS = NO;
				SWIFT_VERSION = 5.0;
				TARGETED_DEVICE_FAMILY = "1,2";
				TEST_HOST = "$(BUILT_PRODUCTS_DIR)/book.app/$(BUNDLE_EXECUTABLE_FOLDER_PATH)/book";
			};
			name = Debug;
		};
		7E2AC9A12D91295B006B2149 /* Release */ = {
			isa = XCBuildConfiguration;
			buildSettings = {
				ALWAYS_EMBED_SWIFT_STANDARD_LIBRARIES = YES;
				BUNDLE_LOADER = "$(TEST_HOST)";
				CODE_SIGN_STYLE = Automatic;
				CURRENT_PROJECT_VERSION = 1;
				GENERATE_INFOPLIST_FILE = YES;
				IPHONEOS_DEPLOYMENT_TARGET = 16.2;
				MARKETING_VERSION = 1.0;
				PRODUCT_BUNDLE_IDENTIFIER = wce.bookTests;
				PRODUCT_NAME = "$(TARGET_NAME)";
				SWIFT_EMIT_LOC_STRINGS = NO;
				SWIFT_VERSION = 5.0;
				TARGETED_DEVICE_FAMILY = "1,2";
				TEST_HOST = "$(BUILT_PRODUCTS_DIR)/book.app/$(BUNDLE_EXECUTABLE_FOLDER_PATH)/book";
			};
			name = Release;
		};
		7E2AC9A32D91295B006B2149 /* Debug */ = {
			isa = XCBuildConfiguration;
			buildSettings = {
				ALWAYS_EMBED_SWIFT_STANDARD_LIBRARIES = YES;
				CODE_SIGN_STYLE = Automatic;
				CURRENT_PROJECT_VERSION = 1;
				GENERATE_INFOPLIST_FILE = YES;
				MARKETING_VERSION = 1.0;
				PRODUCT_BUNDLE_IDENTIFIER = wce.bookUITests;
				PRODUCT_NAME = "$(TARGET_NAME)";
				SWIFT_EMIT_LOC_STRINGS = NO;
				SWIFT_VERSION = 5.0;
				TARGETED_DEVICE_FAMILY = "1,2";
				TEST_TARGET_NAME = book;
			};
			name = Debug;
		};
		7E2AC9A42D91295B006B2149 /* Release */ = {
			isa = XCBuildConfiguration;
			buildSettings = {
				ALWAYS_EMBED_SWIFT_STANDARD_LIBRARIES = YES;
				CODE_SIGN_STYLE = Automatic;
				CURRENT_PROJECT_VERSION = 1;
				GENERATE_INFOPLIST_FILE = YES;
				MARKETING_VERSION = 1.0;
				PRODUCT_BUNDLE_IDENTIFIER = wce.bookUITests;
				PRODUCT_NAME = "$(TARGET_NAME)";
				SWIFT_EMIT_LOC_STRINGS = NO;
				SWIFT_VERSION = 5.0;
				TARGETED_DEVICE_FAMILY = "1,2";
				TEST_TARGET_NAME = book;
			};
			name = Release;
		};
/* End XCBuildConfiguration section */

/* Begin XCConfigurationList section */
		7E2AC9732D912959006B2149 /* Build configuration list for PBXProject "book" */ = {
			isa = XCConfigurationList;
			buildConfigurations = (
				7E2AC99A2D91295B006B2149 /* Debug */,
				7E2AC99B2D91295B006B2149 /* Release */,
			);
			defaultConfigurationIsVisible = 0;
			defaultConfigurationName = Release;
		};
		7E2AC99C2D91295B006B2149 /* Build configuration list for PBXNativeTarget "book" */ = {
			isa = XCConfigurationList;
			buildConfigurations = (
				7E2AC99D2D91295B006B2149 /* Debug */,
				7E2AC99E2D91295B006B2149 /* Release */,
			);
			defaultConfigurationIsVisible = 0;
			defaultConfigurationName = Release;
		};
		7E2AC99F2D91295B006B2149 /* Build configuration list for PBXNativeTarget "bookTests" */ = {
			isa = XCConfigurationList;
			buildConfigurations = (
				7E2AC9A02D91295B006B2149 /* Debug */,
				7E2AC9A12D91295B006B2149 /* Release */,
			);
			defaultConfigurationIsVisible = 0;
			defaultConfigurationName = Release;
		};
		7E2AC9A22D91295B006B2149 /* Build configuration list for PBXNativeTarget "bookUITests" */ = {
			isa = XCConfigurationList;
			buildConfigurations = (
				7E2AC9A32D91295B006B2149 /* Debug */,
				7E2AC9A42D91295B006B2149 /* Release */,
			);
			defaultConfigurationIsVisible = 0;
			defaultConfigurationName = Release;
		};
/* End XCConfigurationList section */
	};
	rootObject = 7E2AC9702D912959006B2149 /* Project object */;
}
